
Microsoft Visual Studio Solution File, Format Version 12.00
# Visual Studio Version 16
VisualStudioVersion = 16.0.28721.148
MinimumVisualStudioVersion = 10.0.40219.1
Project("{FAE04EC0-301F-11D3-BF4B-00C04F79EFBC}") = "WebApplication1", "WebApplication1\WebApplication1.csproj", "{3F72BA97-3BC5-43F8-8114-88D075C49394}"
EndProject
Global
	GlobalSection(SolutionConfigurationPlatforms) = preSolution
		Debug|Any CPU = Debug|Any CPU
		Release|Any CPU = Release|Any CPU
	EndGlobalSection
	GlobalSection(ProjectConfigurationPlatforms) = postSolution
		{3F72BA97-3BC5-43F8-8114-88D075C49394}.Debug|Any CPU.ActiveCfg = Debug|Any CPU
		{3F72BA97-3BC5-43F8-8114-88D075C49394}.Debug|Any CPU.Build.0 = Debug|Any CPU
		{3F72BA97-3BC5-43F8-8114-88D075C49394}.Release|Any CPU.ActiveCfg = Release|Any CPU
		{3F72BA97-3BC5-43F8-8114-88D075C49394}.Release|Any CPU.Build.0 = Release|Any CPU
	EndGlobalSection
	GlobalSection(SolutionProperties) = preSolution
		HideSolutionNode = FALSE
	EndGlobalSection
	GlobalSection(ExtensibilityGlobals) = postSolution
		SolutionGuid = {67B20615-F16E-4CFC-98E7-BBA2F5B02FF2}
	EndGlobalSection
EndGlobal
